// !$*UTF8*$!
{
	archiveVersion = 1;
	classes = {
	};
	objectVersion = 55;
	objects = {

/* Begin PBXBuildFile section */
		B339150E27F0959100CB340B /* AppDelegate.swift in Sources */ = {isa = PBXBuildFile; fileRef = B339150D27F0959100CB340B /* AppDelegate.swift */; };
		B339151027F0959100CB340B /* SceneDelegate.swift in Sources */ = {isa = PBXBuildFile; fileRef = B339150F27F0959100CB340B /* SceneDelegate.swift */; };
		B339151727F0959200CB340B /* Assets.xcassets in Resources */ = {isa = PBXBuildFile; fileRef = B339151627F0959200CB340B /* Assets.xcassets */; };
		B339151A27F0959200CB340B /* LaunchScreen.storyboard in Resources */ = {isa = PBXBuildFile; fileRef = B339151827F0959200CB340B /* LaunchScreen.storyboard */; };
		B339152227F0A3BC00CB340B /* AssemblyBuilder.swift in Sources */ = {isa = PBXBuildFile; fileRef = B339152127F0A3BC00CB340B /* AssemblyBuilder.swift */; };
		B339152527F0A3F400CB340B /* Router.swift in Sources */ = {isa = PBXBuildFile; fileRef = B339152427F0A3F400CB340B /* Router.swift */; };
		B339152827F0A43D00CB340B /* FirstVC.swift in Sources */ = {isa = PBXBuildFile; fileRef = B339152727F0A43D00CB340B /* FirstVC.swift */; };
		B339152C27F0A4A600CB340B /* FirstVCPresenter.swift in Sources */ = {isa = PBXBuildFile; fileRef = B339152B27F0A4A600CB340B /* FirstVCPresenter.swift */; };
		B339153127F0B2D400CB340B /* EnterNumberVC.swift in Sources */ = {isa = PBXBuildFile; fileRef = B339153027F0B2D400CB340B /* EnterNumberVC.swift */; };
		B339153527F0B35900CB340B /* EnterNumberVCPresenter.swift in Sources */ = {isa = PBXBuildFile; fileRef = B339153427F0B35900CB340B /* EnterNumberVCPresenter.swift */; };
		B339153827F0BDB500CB340B /* ComputerGuessVC.swift in Sources */ = {isa = PBXBuildFile; fileRef = B339153727F0BDB500CB340B /* ComputerGuessVC.swift */; };
		B339153F27F0BE1A00CB340B /* ComputerGuessPresenter.swift in Sources */ = {isa = PBXBuildFile; fileRef = B339153E27F0BE1A00CB340B /* ComputerGuessPresenter.swift */; };
/* End PBXBuildFile section */

/* Begin PBXFileReference section */
		B339150A27F0959100CB340B /* Guess the number.app */ = {isa = PBXFileReference; explicitFileType = wrapper.application; includeInIndex = 0; path = "Guess the number.app"; sourceTree = BUILT_PRODUCTS_DIR; };
		B339150D27F0959100CB340B /* AppDelegate.swift */ = {isa = PBXFileReference; lastKnownFileType = sourcecode.swift; path = AppDelegate.swift; sourceTree = "<group>"; };
		B339150F27F0959100CB340B /* SceneDelegate.swift */ = {isa = PBXFileReference; lastKnownFileType = sourcecode.swift; path = SceneDelegate.swift; sourceTree = "<group>"; };
		B339151627F0959200CB340B /* Assets.xcassets */ = {isa = PBXFileReference; lastKnownFileType = folder.assetcatalog; path = Assets.xcassets; sourceTree = "<group>"; };
		B339151927F0959200CB340B /* Base */ = {isa = PBXFileReference; lastKnownFileType = file.storyboard; name = Base; path = Base.lproj/LaunchScreen.storyboard; sourceTree = "<group>"; };
		B339151B27F0959200CB340B /* Info.plist */ = {isa = PBXFileReference; lastKnownFileType = text.plist.xml; path = Info.plist; sourceTree = "<group>"; };
		B339152127F0A3BC00CB340B /* AssemblyBuilder.swift */ = {isa = PBXFileReference; lastKnownFileType = sourcecode.swift; path = AssemblyBuilder.swift; sourceTree = "<group>"; };
		B339152427F0A3F400CB340B /* Router.swift */ = {isa = PBXFileReference; lastKnownFileType = sourcecode.swift; path = Router.swift; sourceTree = "<group>"; };
		B339152727F0A43D00CB340B /* FirstVC.swift */ = {isa = PBXFileReference; lastKnownFileType = sourcecode.swift; path = FirstVC.swift; sourceTree = "<group>"; };
		B339152B27F0A4A600CB340B /* FirstVCPresenter.swift */ = {isa = PBXFileReference; lastKnownFileType = sourcecode.swift; path = FirstVCPresenter.swift; sourceTree = "<group>"; };
		B339153027F0B2D400CB340B /* EnterNumberVC.swift */ = {isa = PBXFileReference; lastKnownFileType = sourcecode.swift; path = EnterNumberVC.swift; sourceTree = "<group>"; };
		B339153427F0B35900CB340B /* EnterNumberVCPresenter.swift */ = {isa = PBXFileReference; lastKnownFileType = sourcecode.swift; path = EnterNumberVCPresenter.swift; sourceTree = "<group>"; };
		B339153727F0BDB500CB340B /* ComputerGuessVC.swift */ = {isa = PBXFileReference; lastKnownFileType = sourcecode.swift; path = ComputerGuessVC.swift; sourceTree = "<group>"; };
		B339153E27F0BE1A00CB340B /* ComputerGuessPresenter.swift */ = {isa = PBXFileReference; lastKnownFileType = sourcecode.swift; path = ComputerGuessPresenter.swift; sourceTree = "<group>"; };
/* End PBXFileReference section */

/* Begin PBXFrameworksBuildPhase section */
		B339150727F0959100CB340B /* Frameworks */ = {
			isa = PBXFrameworksBuildPhase;
			buildActionMask = 2147483647;
			files = (
			);
			runOnlyForDeploymentPostprocessing = 0;
		};
/* End PBXFrameworksBuildPhase section */

/* Begin PBXGroup section */
		B339150127F0959100CB340B = {
			isa = PBXGroup;
			children = (
				B339150C27F0959100CB340B /* Guess the number */,
				B339150B27F0959100CB340B /* Products */,
			);
			sourceTree = "<group>";
		};
		B339150B27F0959100CB340B /* Products */ = {
			isa = PBXGroup;
			children = (
				B339150A27F0959100CB340B /* Guess the number.app */,
			);
			name = Products;
			sourceTree = "<group>";
		};
		B339150C27F0959100CB340B /* Guess the number */ = {
			isa = PBXGroup;
			children = (
				B339152627F0A3F900CB340B /* Navigation */,
				B339152327F0A3C600CB340B /* ModuleBuilder */,
				B339152927F0A44600CB340B /* FirstModule */,
				B339153327F0B2E300CB340B /* EnterNumberModule */,
				B339153A27F0BDC400CB340B /* ComputerGuessModule */,
				B339150D27F0959100CB340B /* AppDelegate.swift */,
				B339150F27F0959100CB340B /* SceneDelegate.swift */,
				B339151627F0959200CB340B /* Assets.xcassets */,
				B339151827F0959200CB340B /* LaunchScreen.storyboard */,
				B339151B27F0959200CB340B /* Info.plist */,
			);
			path = "Guess the number";
			sourceTree = "<group>";
		};
		B339152327F0A3C600CB340B /* ModuleBuilder */ = {
			isa = PBXGroup;
			children = (
				B339152127F0A3BC00CB340B /* AssemblyBuilder.swift */,
			);
			path = ModuleBuilder;
			sourceTree = "<group>";
		};
		B339152627F0A3F900CB340B /* Navigation */ = {
			isa = PBXGroup;
			children = (
				B339152427F0A3F400CB340B /* Router.swift */,
			);
			path = Navigation;
			sourceTree = "<group>";
		};
		B339152927F0A44600CB340B /* FirstModule */ = {
			isa = PBXGroup;
			children = (
				B339152D27F0A4AD00CB340B /* Presenter */,
				B339152A27F0A45100CB340B /* View */,
			);
			path = FirstModule;
			sourceTree = "<group>";
		};
		B339152A27F0A45100CB340B /* View */ = {
			isa = PBXGroup;
			children = (
				B339152727F0A43D00CB340B /* FirstVC.swift */,
			);
			path = View;
			sourceTree = "<group>";
		};
		B339152D27F0A4AD00CB340B /* Presenter */ = {
			isa = PBXGroup;
			children = (
				B339152B27F0A4A600CB340B /* FirstVCPresenter.swift */,
			);
			path = Presenter;
			sourceTree = "<group>";
		};
		B339153227F0B2DD00CB340B /* View */ = {
			isa = PBXGroup;
			children = (
				B339153027F0B2D400CB340B /* EnterNumberVC.swift */,
			);
			path = View;
			sourceTree = "<group>";
		};
		B339153327F0B2E300CB340B /* EnterNumberModule */ = {
			isa = PBXGroup;
			children = (
				B339153627F0B36000CB340B /* Presenter */,
				B339153227F0B2DD00CB340B /* View */,
			);
			path = EnterNumberModule;
			sourceTree = "<group>";
		};
		B339153627F0B36000CB340B /* Presenter */ = {
			isa = PBXGroup;
			children = (
				B339153427F0B35900CB340B /* EnterNumberVCPresenter.swift */,
			);
			path = Presenter;
			sourceTree = "<group>";
		};
		B339153927F0BDBD00CB340B /* View */ = {
			isa = PBXGroup;
			children = (
				B339153727F0BDB500CB340B /* ComputerGuessVC.swift */,
			);
			path = View;
			sourceTree = "<group>";
		};
		B339153A27F0BDC400CB340B /* ComputerGuessModule */ = {
			isa = PBXGroup;
			children = (
				B339153D27F0BE0000CB340B /* Presenter */,
				B339153927F0BDBD00CB340B /* View */,
			);
			path = ComputerGuessModule;
			sourceTree = "<group>";
		};
		B339153D27F0BE0000CB340B /* Presenter */ = {
			isa = PBXGroup;
			children = (
				B339153E27F0BE1A00CB340B /* ComputerGuessPresenter.swift */,
			);
			path = Presenter;
			sourceTree = "<group>";
		};
/* End PBXGroup section */

/* Begin PBXNativeTarget section */
		B339150927F0959100CB340B /* Guess the number */ = {
			isa = PBXNativeTarget;
			buildConfigurationList = B339151E27F0959200CB340B /* Build configuration list for PBXNativeTarget "Guess the number" */;
			buildPhases = (
				B339150627F0959100CB340B /* Sources */,
				B339150727F0959100CB340B /* Frameworks */,
				B339150827F0959100CB340B /* Resources */,
			);
			buildRules = (
			);
			dependencies = (
			);
			name = "Guess the number";
			productName = "Guess the number";
			productReference = B339150A27F0959100CB340B /* Guess the number.app */;
			productType = "com.apple.product-type.application";
		};
/* End PBXNativeTarget section */

/* Begin PBXProject section */
		B339150227F0959100CB340B /* Project object */ = {
			isa = PBXProject;
			attributes = {
				BuildIndependentTargetsInParallel = 1;
				LastSwiftUpdateCheck = 1320;
				LastUpgradeCheck = 1320;
				TargetAttributes = {
					B339150927F0959100CB340B = {
						CreatedOnToolsVersion = 13.2.1;
					};
				};
			};
			buildConfigurationList = B339150527F0959100CB340B /* Build configuration list for PBXProject "Guess the number" */;
			compatibilityVersion = "Xcode 13.0";
			developmentRegion = en;
			hasScannedForEncodings = 0;
			knownRegions = (
				en,
				Base,
			);
			mainGroup = B339150127F0959100CB340B;
			productRefGroup = B339150B27F0959100CB340B /* Products */;
			projectDirPath = "";
			projectRoot = "";
			targets = (
				B339150927F0959100CB340B /* Guess the number */,
			);
		};
/* End PBXProject section */

/* Begin PBXResourcesBuildPhase section */
		B339150827F0959100CB340B /* Resources */ = {
			isa = PBXResourcesBuildPhase;
			buildActionMask = 2147483647;
			files = (
				B339151A27F0959200CB340B /* LaunchScreen.storyboard in Resources */,
				B339151727F0959200CB340B /* Assets.xcassets in Resources */,
			);
			runOnlyForDeploymentPostprocessing = 0;
		};
/* End PBXResourcesBuildPhase section */

/* Begin PBXSourcesBuildPhase section */
		B339150627F0959100CB340B /* Sources */ = {
			isa = PBXSourcesBuildPhase;
			buildActionMask = 2147483647;
			files = (
				B339152827F0A43D00CB340B /* FirstVC.swift in Sources */,
				B339150E27F0959100CB340B /* AppDelegate.swift in Sources */,
				B339152527F0A3F400CB340B /* Router.swift in Sources */,
				B339152C27F0A4A600CB340B /* FirstVCPresenter.swift in Sources */,
				B339151027F0959100CB340B /* SceneDelegate.swift in Sources */,
				B339153F27F0BE1A00CB340B /* ComputerGuessPresenter.swift in Sources */,
				B339153127F0B2D400CB340B /* EnterNumberVC.swift in Sources */,
				B339152227F0A3BC00CB340B /* AssemblyBuilder.swift in Sources */,
				B339153827F0BDB500CB340B /* ComputerGuessVC.swift in Sources */,
				B339153527F0B35900CB340B /* EnterNumberVCPresenter.swift in Sources */,
			);
			runOnlyForDeploymentPostprocessing = 0;
		};
/* End PBXSourcesBuildPhase section */

/* Begin PBXVariantGroup section */
		B339151827F0959200CB340B /* LaunchScreen.storyboard */ = {
			isa = PBXVariantGroup;
			children = (
				B339151927F0959200CB340B /* Base */,
			);
			name = LaunchScreen.storyboard;
			sourceTree = "<group>";
		};
/* End PBXVariantGroup section */

/* Begin XCBuildConfiguration section */
		B339151C27F0959200CB340B /* Debug */ = {
			isa = XCBuildConfiguration;
			buildSettings = {
				ALWAYS_SEARCH_USER_PATHS = NO;
				CLANG_ANALYZER_NONNULL = YES;
				CLANG_ANALYZER_NUMBER_OBJECT_CONVERSION = YES_AGGRESSIVE;
				CLANG_CXX_LANGUAGE_STANDARD = "gnu++17";
				CLANG_CXX_LIBRARY = "libc++";
				CLANG_ENABLE_MODULES = YES;
				CLANG_ENABLE_OBJC_ARC = YES;
				CLANG_ENABLE_OBJC_WEAK = YES;
				CLANG_WARN_BLOCK_CAPTURE_AUTORELEASING = YES;
				CLANG_WARN_BOOL_CONVERSION = YES;
				CLANG_WARN_COMMA = YES;
				CLANG_WARN_CONSTANT_CONVERSION = YES;
				CLANG_WARN_DEPRECATED_OBJC_IMPLEMENTATIONS = YES;
				CLANG_WARN_DIRECT_OBJC_ISA_USAGE = YES_ERROR;
				CLANG_WARN_DOCUMENTATION_COMMENTS = YES;
				CLANG_WARN_EMPTY_BODY = YES;
				CLANG_WARN_ENUM_CONVERSION = YES;
				CLANG_WARN_INFINITE_RECURSION = YES;
				CLANG_WARN_INT_CONVERSION = YES;
				CLANG_WARN_NON_LITERAL_NULL_CONVERSION = YES;
				CLANG_WARN_OBJC_IMPLICIT_RETAIN_SELF = YES;
				CLANG_WARN_OBJC_LITERAL_CONVERSION = YES;
				CLANG_WARN_OBJC_ROOT_CLASS = YES_ERROR;
				CLANG_WARN_QUOTED_INCLUDE_IN_FRAMEWORK_HEADER = YES;
				CLANG_WARN_RANGE_LOOP_ANALYSIS = YES;
				CLANG_WARN_STRICT_PROTOTYPES = YES;
				CLANG_WARN_SUSPICIOUS_MOVE = YES;
				CLANG_WARN_UNGUARDED_AVAILABILITY = YES_AGGRESSIVE;
				CLANG_WARN_UNREACHABLE_CODE = YES;
				CLANG_WARN__DUPLICATE_METHOD_MATCH = YES;
				COPY_PHASE_STRIP = NO;
				DEBUG_INFORMATION_FORMAT = dwarf;
				ENABLE_STRICT_OBJC_MSGSEND = YES;
				ENABLE_TESTABILITY = YES;
				GCC_C_LANGUAGE_STANDARD = gnu11;
				GCC_DYNAMIC_NO_PIC = NO;
				GCC_NO_COMMON_BLOCKS = YES;
				GCC_OPTIMIZATION_LEVEL = 0;
				GCC_PREPROCESSOR_DEFINITIONS = (
					"DEBUG=1",
					"$(inherited)",
				);
				GCC_WARN_64_TO_32_BIT_CONVERSION = YES;
				GCC_WARN_ABOUT_RETURN_TYPE = YES_ERROR;
				GCC_WARN_UNDECLARED_SELECTOR = YES;
				GCC_WARN_UNINITIALIZED_AUTOS = YES_AGGRESSIVE;
				GCC_WARN_UNUSED_FUNCTION = YES;
				GCC_WARN_UNUSED_VARIABLE = YES;
				IPHONEOS_DEPLOYMENT_TARGET = 15.2;
				MTL_ENABLE_DEBUG_INFO = INCLUDE_SOURCE;
				MTL_FAST_MATH = YES;
				ONLY_ACTIVE_ARCH = YES;
				SDKROOT = iphoneos;
				SWIFT_ACTIVE_COMPILATION_CONDITIONS = DEBUG;
				SWIFT_OPTIMIZATION_LEVEL = "-Onone";
			};
			name = Debug;
		};
		B339151D27F0959200CB340B /* Release */ = {
			isa = XCBuildConfiguration;
			buildSettings = {
				ALWAYS_SEARCH_USER_PATHS = NO;
				CLANG_ANALYZER_NONNULL = YES;
				CLANG_ANALYZER_NUMBER_OBJECT_CONVERSION = YES_AGGRESSIVE;
				CLANG_CXX_LANGUAGE_STANDARD = "gnu++17";
				CLANG_CXX_LIBRARY = "libc++";
				CLANG_ENABLE_MODULES = YES;
				CLANG_ENABLE_OBJC_ARC = YES;
				CLANG_ENABLE_OBJC_WEAK = YES;
				CLANG_WARN_BLOCK_CAPTURE_AUTORELEASING = YES;
				CLANG_WARN_BOOL_CONVERSION = YES;
				CLANG_WARN_COMMA = YES;
				CLANG_WARN_CONSTANT_CONVERSION = YES;
				CLANG_WARN_DEPRECATED_OBJC_IMPLEMENTATIONS = YES;
				CLANG_WARN_DIRECT_OBJC_ISA_USAGE = YES_ERROR;
				CLANG_WARN_DOCUMENTATION_COMMENTS = YES;
				CLANG_WARN_EMPTY_BODY = YES;
				CLANG_WARN_ENUM_CONVERSION = YES;
				CLANG_WARN_INFINITE_RECURSION = YES;
				CLANG_WARN_INT_CONVERSION = YES;
				CLANG_WARN_NON_LITERAL_NULL_CONVERSION = YES;
				CLANG_WARN_OBJC_IMPLICIT_RETAIN_SELF = YES;
				CLANG_WARN_OBJC_LITERAL_CONVERSION = YES;
				CLANG_WARN_OBJC_ROOT_CLASS = YES_ERROR;
				CLANG_WARN_QUOTED_INCLUDE_IN_FRAMEWORK_HEADER = YES;
				CLANG_WARN_RANGE_LOOP_ANALYSIS = YES;
				CLANG_WARN_STRICT_PROTOTYPES = YES;
				CLANG_WARN_SUSPICIOUS_MOVE = YES;
				CLANG_WARN_UNGUARDED_AVAILABILITY = YES_AGGRESSIVE;
				CLANG_WARN_UNREACHABLE_CODE = YES;
				CLANG_WARN__DUPLICATE_METHOD_MATCH = YES;
				COPY_PHASE_STRIP = NO;
				DEBUG_INFORMATION_FORMAT = "dwarf-with-dsym";
				ENABLE_NS_ASSERTIONS = NO;
				ENABLE_STRICT_OBJC_MSGSEND = YES;
				GCC_C_LANGUAGE_STANDARD = gnu11;
				GCC_NO_COMMON_BLOCKS = YES;
				GCC_WARN_64_TO_32_BIT_CONVERSION = YES;
				GCC_WARN_ABOUT_RETURN_TYPE = YES_ERROR;
				GCC_WARN_UNDECLARED_SELECTOR = YES;
				GCC_WARN_UNINITIALIZED_AUTOS = YES_AGGRESSIVE;
				GCC_WARN_UNUSED_FUNCTION = YES;
				GCC_WARN_UNUSED_VARIABLE = YES;
				IPHONEOS_DEPLOYMENT_TARGET = 15.2;
				MTL_ENABLE_DEBUG_INFO = NO;
				MTL_FAST_MATH = YES;
				SDKROOT = iphoneos;
				SWIFT_COMPILATION_MODE = wholemodule;
				SWIFT_OPTIMIZATION_LEVEL = "-O";
				VALIDATE_PRODUCT = YES;
			};
			name = Release;
		};
		B339151F27F0959200CB340B /* Debug */ = {
			isa = XCBuildConfiguration;
			buildSettings = {
				ASSETCATALOG_COMPILER_APPICON_NAME = AppIcon;
				ASSETCATALOG_COMPILER_GLOBAL_ACCENT_COLOR_NAME = AccentColor;
				CODE_SIGN_STYLE = Automatic;
				CURRENT_PROJECT_VERSION = 1;
				GENERATE_INFOPLIST_FILE = YES;
				INFOPLIST_FILE = "Guess the number/Info.plist";
				INFOPLIST_KEY_UIApplicationSupportsIndirectInputEvents = YES;
				INFOPLIST_KEY_UILaunchStoryboardName = LaunchScreen;
				INFOPLIST_KEY_UISupportedInterfaceOrientations_iPad = "UIInterfaceOrientationPortrait UIInterfaceOrientationPortraitUpsideDown UIInterfaceOrientationLandscapeLeft UIInterfaceOrientationLandscapeRight";
				INFOPLIST_KEY_UISupportedInterfaceOrientations_iPhone = "UIInterfaceOrientationPortrait UIInterfaceOrientationLandscapeLeft UIInterfaceOrientationLandscapeRight";
				LD_RUNPATH_SEARCH_PATHS = (
					"$(inherited)",
					"@executable_path/Frameworks",
				);
				MARKETING_VERSION = 1.0;
				PRODUCT_BUNDLE_IDENTIFIER = "com.shamaich.Guess-the-number";
				PRODUCT_NAME = "$(TARGET_NAME)";
				SWIFT_EMIT_LOC_STRINGS = YES;
				SWIFT_VERSION = 5.0;
				TARGETED_DEVICE_FAMILY = 1;
			};
			name = Debug;
		};
		B339152027F0959200CB340B /* Release */ = {
			isa = XCBuildConfiguration;
			buildSettings = {
				ASSETCATALOG_COMPILER_APPICON_NAME = AppIcon;
				ASSETCATALOG_COMPILER_GLOBAL_ACCENT_COLOR_NAME = AccentColor;
				CODE_SIGN_STYLE = Automatic;
				CURRENT_PROJECT_VERSION = 1;
				GENERATE_INFOPLIST_FILE = YES;
				INFOPLIST_FILE = "Guess the number/Info.plist";
				INFOPLIST_KEY_UIApplicationSupportsIndirectInputEvents = YES;
				INFOPLIST_KEY_UILaunchStoryboardName = LaunchScreen;
				INFOPLIST_KEY_UISupportedInterfaceOrientations_iPad = "UIInterfaceOrientationPortrait UIInterfaceOrientationPortraitUpsideDown UIInterfaceOrientationLandscapeLeft UIInterfaceOrientationLandscapeRight";
				INFOPLIST_KEY_UISupportedInterfaceOrientations_iPhone = "UIInterfaceOrientationPortrait UIInterfaceOrientationLandscapeLeft UIInterfaceOrientationLandscapeRight";
				LD_RUNPATH_SEARCH_PATHS = (
					"$(inherited)",
					"@executable_path/Frameworks",
				);
				MARKETING_VERSION = 1.0;
				PRODUCT_BUNDLE_IDENTIFIER = "com.shamaich.Guess-the-number";
				PRODUCT_NAME = "$(TARGET_NAME)";
				SWIFT_EMIT_LOC_STRINGS = YES;
				SWIFT_VERSION = 5.0;
				TARGETED_DEVICE_FAMILY = 1;
			};
			name = Release;
		};
/* End XCBuildConfiguration section */

/* Begin XCConfigurationList section */
		B339150527F0959100CB340B /* Build configuration list for PBXProject "Guess the number" */ = {
			isa = XCConfigurationList;
			buildConfigurations = (
				B339151C27F0959200CB340B /* Debug */,
				B339151D27F0959200CB340B /* Release */,
			);
			defaultConfigurationIsVisible = 0;
			defaultConfigurationName = Release;
		};
		B339151E27F0959200CB340B /* Build configuration list for PBXNativeTarget "Guess the number" */ = {
			isa = XCConfigurationList;
			buildConfigurations = (
				B339151F27F0959200CB340B /* Debug */,
				B339152027F0959200CB340B /* Release */,
			);
			defaultConfigurationIsVisible = 0;
			defaultConfigurationName = Release;
		};
/* End XCConfigurationList section */
	};
	rootObject = B339150227F0959100CB340B /* Project object */;
}
